
Microsoft Visual Studio Solution File, Format Version 12.00
# Visual Studio 14
VisualStudioVersion = 14.0.25420.1
MinimumVisualStudioVersion = 10.0.40219.1
Project("{FAE04EC0-301F-11D3-BF4B-00C04F79EFBC}") = "DelegatesExamples", "DelegatesExamples\DelegatesExamples.csproj", "{96B69E12-4296-4E85-AEC3-68C2FD7DFFF2}"
EndProject
Project("{FAE04EC0-301F-11D3-BF4B-00C04F79EFBC}") = "LinqExamples", "LinqExamples\LinqExamples.csproj", "{F1147B6F-4D66-4B9F-8474-23D3A2DA386E}"
EndProject
Project("{FAE04EC0-301F-11D3-BF4B-00C04F79EFBC}") = "Threading", "Threading\Threading.csproj", "{BC50C523-76E3-474F-BCAF-DF974D609260}"
EndProject
Project("{FAE04EC0-301F-11D3-BF4B-00C04F79EFBC}") = "ThreadPoolExamples", "ThreadPoolExamples\ThreadPoolExamples.csproj", "{F0CC4DEA-5D8C-4F81-AA12-EFE0CD7670C3}"
EndProject
Project("{FAE04EC0-301F-11D3-BF4B-00C04F79EFBC}") = "SyncrhonizationContextExample", "SyncrhonizationContextExample\SyncrhonizationContextExample.csproj", "{9E9D3BA7-A6C9-4CBC-B184-610BE48D9F1C}"
EndProject
Project("{FAE04EC0-301F-11D3-BF4B-00C04F79EFBC}") = "TPL", "TPL\TPL.csproj", "{90314B53-EBAB-47CF-958A-CDF2A8069102}"
EndProject
Project("{FAE04EC0-301F-11D3-BF4B-00C04F79EFBC}") = "TPL-Continuation", "TPL-Continuation\TPL-Continuation.csproj", "{C8C265C7-120B-4130-A893-E31626126413}"
EndProject
Project("{FAE04EC0-301F-11D3-BF4B-00C04F79EFBC}") = "Cancellation", "Cancellation\Cancellation.csproj", "{AED54520-55AB-483E-AC16-1CBD187B0C2D}"
EndProject
Project("{FAE04EC0-301F-11D3-BF4B-00C04F79EFBC}") = "TPL-UnobservedException", "TPL-UnobservedException\TPL-UnobservedException.csproj", "{986FDF1B-B3AB-4133-9808-0AA7EA221D1F}"
EndProject
Project("{FAE04EC0-301F-11D3-BF4B-00C04F79EFBC}") = "TPL-TaskCreation", "TPL-TaskCreation\TPL-TaskCreation.csproj", "{102202B1-C8CA-4946-B467-FCF6332A1CF0}"
EndProject
Project("{FAE04EC0-301F-11D3-BF4B-00C04F79EFBC}") = "ThreadStatic", "ThreadStatic\ThreadStatic.csproj", "{6D5D9076-0649-4C87-840F-312A9B4C10FD}"
EndProject
Project("{FAE04EC0-301F-11D3-BF4B-00C04F79EFBC}") = "AsyncWait", "AsyncWait\AsyncWait.csproj", "{13DB41F5-BE89-4CA9-8925-9CA5C0DF0631}"
EndProject
Project("{FAE04EC0-301F-11D3-BF4B-00C04F79EFBC}") = "Finalizer", "Finalizer\Finalizer.csproj", "{D850516A-BA48-44C3-A61F-6412B2CBF9B4}"
EndProject
Project("{FAE04EC0-301F-11D3-BF4B-00C04F79EFBC}") = "EventsAndReferences", "EventsAndReferences\EventsAndReferences.csproj", "{74990146-9A96-4482-A817-9A50E581B5CC}"
EndProject
Global
	GlobalSection(SolutionConfigurationPlatforms) = preSolution
		Debug|Any CPU = Debug|Any CPU
		Release|Any CPU = Release|Any CPU
	EndGlobalSection
	GlobalSection(ProjectConfigurationPlatforms) = postSolution
		{96B69E12-4296-4E85-AEC3-68C2FD7DFFF2}.Debug|Any CPU.ActiveCfg = Debug|Any CPU
		{96B69E12-4296-4E85-AEC3-68C2FD7DFFF2}.Debug|Any CPU.Build.0 = Debug|Any CPU
		{96B69E12-4296-4E85-AEC3-68C2FD7DFFF2}.Release|Any CPU.ActiveCfg = Release|Any CPU
		{96B69E12-4296-4E85-AEC3-68C2FD7DFFF2}.Release|Any CPU.Build.0 = Release|Any CPU
		{F1147B6F-4D66-4B9F-8474-23D3A2DA386E}.Debug|Any CPU.ActiveCfg = Debug|Any CPU
		{F1147B6F-4D66-4B9F-8474-23D3A2DA386E}.Debug|Any CPU.Build.0 = Debug|Any CPU
		{F1147B6F-4D66-4B9F-8474-23D3A2DA386E}.Release|Any CPU.ActiveCfg = Release|Any CPU
		{F1147B6F-4D66-4B9F-8474-23D3A2DA386E}.Release|Any CPU.Build.0 = Release|Any CPU
		{BC50C523-76E3-474F-BCAF-DF974D609260}.Debug|Any CPU.ActiveCfg = Debug|Any CPU
		{BC50C523-76E3-474F-BCAF-DF974D609260}.Debug|Any CPU.Build.0 = Debug|Any CPU
		{BC50C523-76E3-474F-BCAF-DF974D609260}.Release|Any CPU.ActiveCfg = Release|Any CPU
		{BC50C523-76E3-474F-BCAF-DF974D609260}.Release|Any CPU.Build.0 = Release|Any CPU
		{F0CC4DEA-5D8C-4F81-AA12-EFE0CD7670C3}.Debug|Any CPU.ActiveCfg = Debug|Any CPU
		{F0CC4DEA-5D8C-4F81-AA12-EFE0CD7670C3}.Debug|Any CPU.Build.0 = Debug|Any CPU
		{F0CC4DEA-5D8C-4F81-AA12-EFE0CD7670C3}.Release|Any CPU.ActiveCfg = Release|Any CPU
		{F0CC4DEA-5D8C-4F81-AA12-EFE0CD7670C3}.Release|Any CPU.Build.0 = Release|Any CPU
		{9E9D3BA7-A6C9-4CBC-B184-610BE48D9F1C}.Debug|Any CPU.ActiveCfg = Debug|Any CPU
		{9E9D3BA7-A6C9-4CBC-B184-610BE48D9F1C}.Debug|Any CPU.Build.0 = Debug|Any CPU
		{9E9D3BA7-A6C9-4CBC-B184-610BE48D9F1C}.Release|Any CPU.ActiveCfg = Release|Any CPU
		{9E9D3BA7-A6C9-4CBC-B184-610BE48D9F1C}.Release|Any CPU.Build.0 = Release|Any CPU
		{90314B53-EBAB-47CF-958A-CDF2A8069102}.Debug|Any CPU.ActiveCfg = Debug|Any CPU
		{90314B53-EBAB-47CF-958A-CDF2A8069102}.Debug|Any CPU.Build.0 = Debug|Any CPU
		{90314B53-EBAB-47CF-958A-CDF2A8069102}.Release|Any CPU.ActiveCfg = Release|Any CPU
		{90314B53-EBAB-47CF-958A-CDF2A8069102}.Release|Any CPU.Build.0 = Release|Any CPU
		{C8C265C7-120B-4130-A893-E31626126413}.Debug|Any CPU.ActiveCfg = Debug|Any CPU
		{C8C265C7-120B-4130-A893-E31626126413}.Debug|Any CPU.Build.0 = Debug|Any CPU
		{C8C265C7-120B-4130-A893-E31626126413}.Release|Any CPU.ActiveCfg = Release|Any CPU
		{C8C265C7-120B-4130-A893-E31626126413}.Release|Any CPU.Build.0 = Release|Any CPU
		{AED54520-55AB-483E-AC16-1CBD187B0C2D}.Debug|Any CPU.ActiveCfg = Debug|Any CPU
		{AED54520-55AB-483E-AC16-1CBD187B0C2D}.Debug|Any CPU.Build.0 = Debug|Any CPU
		{AED54520-55AB-483E-AC16-1CBD187B0C2D}.Release|Any CPU.ActiveCfg = Release|Any CPU
		{AED54520-55AB-483E-AC16-1CBD187B0C2D}.Release|Any CPU.Build.0 = Release|Any CPU
		{986FDF1B-B3AB-4133-9808-0AA7EA221D1F}.Debug|Any CPU.ActiveCfg = Debug|Any CPU
		{986FDF1B-B3AB-4133-9808-0AA7EA221D1F}.Debug|Any CPU.Build.0 = Debug|Any CPU
		{986FDF1B-B3AB-4133-9808-0AA7EA221D1F}.Release|Any CPU.ActiveCfg = Release|Any CPU
		{986FDF1B-B3AB-4133-9808-0AA7EA221D1F}.Release|Any CPU.Build.0 = Release|Any CPU
		{102202B1-C8CA-4946-B467-FCF6332A1CF0}.Debug|Any CPU.ActiveCfg = Debug|Any CPU
		{102202B1-C8CA-4946-B467-FCF6332A1CF0}.Debug|Any CPU.Build.0 = Debug|Any CPU
		{102202B1-C8CA-4946-B467-FCF6332A1CF0}.Release|Any CPU.ActiveCfg = Release|Any CPU
		{102202B1-C8CA-4946-B467-FCF6332A1CF0}.Release|Any CPU.Build.0 = Release|Any CPU
		{6D5D9076-0649-4C87-840F-312A9B4C10FD}.Debug|Any CPU.ActiveCfg = Debug|Any CPU
		{6D5D9076-0649-4C87-840F-312A9B4C10FD}.Debug|Any CPU.Build.0 = Debug|Any CPU
		{6D5D9076-0649-4C87-840F-312A9B4C10FD}.Release|Any CPU.ActiveCfg = Release|Any CPU
		{6D5D9076-0649-4C87-840F-312A9B4C10FD}.Release|Any CPU.Build.0 = Release|Any CPU
		{13DB41F5-BE89-4CA9-8925-9CA5C0DF0631}.Debug|Any CPU.ActiveCfg = Debug|Any CPU
		{13DB41F5-BE89-4CA9-8925-9CA5C0DF0631}.Debug|Any CPU.Build.0 = Debug|Any CPU
		{13DB41F5-BE89-4CA9-8925-9CA5C0DF0631}.Release|Any CPU.ActiveCfg = Release|Any CPU
		{13DB41F5-BE89-4CA9-8925-9CA5C0DF0631}.Release|Any CPU.Build.0 = Release|Any CPU
		{D850516A-BA48-44C3-A61F-6412B2CBF9B4}.Debug|Any CPU.ActiveCfg = Debug|Any CPU
		{D850516A-BA48-44C3-A61F-6412B2CBF9B4}.Debug|Any CPU.Build.0 = Debug|Any CPU
		{D850516A-BA48-44C3-A61F-6412B2CBF9B4}.Release|Any CPU.ActiveCfg = Release|Any CPU
		{D850516A-BA48-44C3-A61F-6412B2CBF9B4}.Release|Any CPU.Build.0 = Release|Any CPU
		{74990146-9A96-4482-A817-9A50E581B5CC}.Debug|Any CPU.ActiveCfg = Debug|Any CPU
		{74990146-9A96-4482-A817-9A50E581B5CC}.Debug|Any CPU.Build.0 = Debug|Any CPU
		{74990146-9A96-4482-A817-9A50E581B5CC}.Release|Any CPU.ActiveCfg = Release|Any CPU
		{74990146-9A96-4482-A817-9A50E581B5CC}.Release|Any CPU.Build.0 = Release|Any CPU
	EndGlobalSection
	GlobalSection(SolutionProperties) = preSolution
		HideSolutionNode = FALSE
	EndGlobalSection
EndGlobal
