
Microsoft Visual Studio Solution File, Format Version 12.00
# Visual Studio 14
VisualStudioVersion = 14.0.25420.1
MinimumVisualStudioVersion = 10.0.40219.1
Project("{FAE04EC0-301F-11D3-BF4B-00C04F79EFBC}") = "DelegatesExamples", "DelegatesExamples\DelegatesExamples.csproj", "{96B69E12-4296-4E85-AEC3-68C2FD7DFFF2}"
EndProject
Project("{FAE04EC0-301F-11D3-BF4B-00C04F79EFBC}") = "LinqExamples", "LinqExamples\LinqExamples.csproj", "{F1147B6F-4D66-4B9F-8474-23D3A2DA386E}"
EndProject
Project("{FAE04EC0-301F-11D3-BF4B-00C04F79EFBC}") = "Threading", "Threading\Threading.csproj", "{BC50C523-76E3-474F-BCAF-DF974D609260}"
EndProject
Project("{FAE04EC0-301F-11D3-BF4B-00C04F79EFBC}") = "ThreadPoolExamples", "ThreadPoolExamples\ThreadPoolExamples.csproj", "{F0CC4DEA-5D8C-4F81-AA12-EFE0CD7670C3}"
EndProject
Project("{FAE04EC0-301F-11D3-BF4B-00C04F79EFBC}") = "SyncrhonizationContextExample", "SyncrhonizationContextExample\SyncrhonizationContextExample.csproj", "{9E9D3BA7-A6C9-4CBC-B184-610BE48D9F1C}"
EndProject
Project("{FAE04EC0-301F-11D3-BF4B-00C04F79EFBC}") = "TPL", "TPL\TPL.csproj", "{90314B53-EBAB-47CF-958A-CDF2A8069102}"
EndProject
Project("{FAE04EC0-301F-11D3-BF4B-00C04F79EFBC}") = "TPL-Continuation", "TPL-Continuation\TPL-Continuation.csproj", "{C8C265C7-120B-4130-A893-E31626126413}"
EndProject
Project("{FAE04EC0-301F-11D3-BF4B-00C04F79EFBC}") = "Cancellation", "Cancellation\Cancellation.csproj", "{AED54520-55AB-483E-AC16-1CBD187B0C2D}"
EndProject
Project("{FAE04EC0-301F-11D3-BF4B-00C04F79EFBC}") = "TPL-UnobservedException", "TPL-UnobservedException\TPL-UnobservedException.csproj", "{986FDF1B-B3AB-4133-9808-0AA7EA221D1F}"
EndProject
Project("{FAE04EC0-301F-11D3-BF4B-00C04F79EFBC}") = "TPL-TaskCreation", "TPL-TaskCreation\TPL-TaskCreation.csproj", "{102202B1-C8CA-4946-B467-FCF6332A1CF0}"
EndProject
Project("{FAE04EC0-301F-11D3-BF4B-00C04F79EFBC}") = "ThreadStatic", "ThreadStatic\ThreadStatic.csproj", "{6D5D9076-0649-4C87-840F-312A9B4C10FD}"
EndProject
Project("{FAE04EC0-301F-11D3-BF4B-00C04F79EFBC}") = "AsyncWait", "AsyncWait\AsyncWait.csproj", "{13DB41F5-BE89-4CA9-8925-9CA5C0DF0631}"
EndProject
Project("{FAE04EC0-301F-11D3-BF4B-00C04F79EFBC}") = "Finalizer", "Finalizer\Finalizer.csproj", "{D850516A-BA48-44C3-A61F-6412B2CBF9B4}"
EndProject
Project("{FAE04EC0-301F-11D3-BF4B-00C04F79EFBC}") = "EventsAndReferences", "EventsAndReferences\EventsAndReferences.csproj", "{74990146-9A96-4482-A817-9A50E581B5CC}"
EndProject
Project("{2150E333-8FDC-42A3-9474-1A3956D46DE8}") = "Resource Management", "Resource Management", "{58803B46-62A3-427B-8668-26AE87CF0A0E}"
EndProject
Project("{2150E333-8FDC-42A3-9474-1A3956D46DE8}") = "Task Parallel Library", "Task Parallel Library", "{17822AED-18E3-4EA7-9BA2-E1FB6606DEC9}"
EndProject
Project("{2150E333-8FDC-42A3-9474-1A3956D46DE8}") = "Threading Examples", "Threading Examples", "{BC650EFC-7A8A-4FD8-A3C1-864405F0C24C}"
EndProject
Project("{2150E333-8FDC-42A3-9474-1A3956D46DE8}") = "AsyncAwait", "AsyncAwait", "{84A5475C-3800-4407-8F22-B8724CBCAE50}"
EndProject
Project("{FAE04EC0-301F-11D3-BF4B-00C04F79EFBC}") = "LeakyFileViewer", "LeakyFileViewer\LeakyFileViewer.csproj", "{89912C70-6C1C-4103-A2E0-4CA2DE027A74}"
EndProject
Project("{FAE04EC0-301F-11D3-BF4B-00C04F79EFBC}") = "Serialization", "Serialization\Serialization.csproj", "{701FA800-DE71-4D55-B57E-1A0E0C351371}"
EndProject
Project("{FAE04EC0-301F-11D3-BF4B-00C04F79EFBC}") = "XmlSerialization", "XmlSerialization\XmlSerialization.csproj", "{59D82A48-D81A-402B-AA0B-B48B83397955}"
EndProject
Project("{FAE04EC0-301F-11D3-BF4B-00C04F79EFBC}") = "XmlSerialization.IXmlSerializable", "XmlSerialization.IXmlSerializable\XmlSerialization.IXmlSerializable.csproj", "{7CD102CE-F2E0-44FE-B029-A67691A39807}"
EndProject
Project("{2150E333-8FDC-42A3-9474-1A3956D46DE8}") = "SerializationExamples", "SerializationExamples", "{9102F379-7464-4572-9A51-F360A3EB08DC}"
EndProject
Project("{FAE04EC0-301F-11D3-BF4B-00C04F79EFBC}") = "JsonSerialization", "JsonSerialization\JsonSerialization.csproj", "{CBF3F205-D99F-4AD8-BE3A-AEF5D1BF5938}"
EndProject
Project("{2150E333-8FDC-42A3-9474-1A3956D46DE8}") = "AppDomains", "AppDomains", "{A3F23400-CFE1-4815-AB4A-CCF390140C65}"
EndProject
Project("{FAE04EC0-301F-11D3-BF4B-00C04F79EFBC}") = "AppDomainEvents", "AppDomainEvents\AppDomainEvents.csproj", "{08AC0C22-E853-496C-9A27-3035FCB37BA5}"
EndProject
Project("{FAE04EC0-301F-11D3-BF4B-00C04F79EFBC}") = "TestClassLibrary", "TestClassLibrary\TestClassLibrary.csproj", "{F8C59550-0473-4704-94F8-F68ED1E70DF5}"
EndProject
Project("{2150E333-8FDC-42A3-9474-1A3956D46DE8}") = "Entity Framework", "Entity Framework", "{98AF6992-43B8-40A3-98BE-8CEEDEA8C8F4}"
EndProject
Project("{FAE04EC0-301F-11D3-BF4B-00C04F79EFBC}") = "EntityFrameworkSchool", "EntityFrameworkSchool\EntityFrameworkSchool.csproj", "{135B6836-F6DF-45D6-835C-36EBCB5ED228}"
EndProject
Project("{FAE04EC0-301F-11D3-BF4B-00C04F79EFBC}") = "EntityFrameworkSchool.Model", "EntityFrameworkSchool.Model\EntityFrameworkSchool.Model.csproj", "{5F65ADD2-3614-4F74-8E92-AF4EEE290079}"
EndProject
Project("{2150E333-8FDC-42A3-9474-1A3956D46DE8}") = "WebApi", "WebApi", "{FC2ACDB0-4CC7-4FE7-B003-9428E6E4B684}"
EndProject
Project("{FAE04EC0-301F-11D3-BF4B-00C04F79EFBC}") = "ProductsApp", "WebApiGettingStarted\ProductsApp\ProductsApp.csproj", "{8811BC19-201C-4487-A264-C6704D245010}"
EndProject
Project("{FAE04EC0-301F-11D3-BF4B-00C04F79EFBC}") = "SampleWebApplication", "SampleWebApplication\SampleWebApplication.csproj", "{49E063F9-B6FE-474E-B920-BB135A83B437}"
EndProject
Project("{FAE04EC0-301F-11D3-BF4B-00C04F79EFBC}") = "SampleWebClient", "SampleWebClient\SampleWebClient.csproj", "{775E39B3-FFCA-4345-BE9F-1C3CAC100D63}"
EndProject
Project("{FAE04EC0-301F-11D3-BF4B-00C04F79EFBC}") = "Delegates2", "Delegates2\Delegates2.csproj", "{E327BA49-49BC-4D2D-82A6-839FD049123A}"
EndProject
Project("{FAE04EC0-301F-11D3-BF4B-00C04F79EFBC}") = "Tasks", "Tasks\Tasks.csproj", "{8163C714-1F29-44F9-8F46-4237BDA11FB3}"
EndProject
Global
	GlobalSection(SolutionConfigurationPlatforms) = preSolution
		Debug|Any CPU = Debug|Any CPU
		Release|Any CPU = Release|Any CPU
	EndGlobalSection
	GlobalSection(ProjectConfigurationPlatforms) = postSolution
		{96B69E12-4296-4E85-AEC3-68C2FD7DFFF2}.Debug|Any CPU.ActiveCfg = Debug|Any CPU
		{96B69E12-4296-4E85-AEC3-68C2FD7DFFF2}.Debug|Any CPU.Build.0 = Debug|Any CPU
		{96B69E12-4296-4E85-AEC3-68C2FD7DFFF2}.Release|Any CPU.ActiveCfg = Release|Any CPU
		{96B69E12-4296-4E85-AEC3-68C2FD7DFFF2}.Release|Any CPU.Build.0 = Release|Any CPU
		{F1147B6F-4D66-4B9F-8474-23D3A2DA386E}.Debug|Any CPU.ActiveCfg = Debug|Any CPU
		{F1147B6F-4D66-4B9F-8474-23D3A2DA386E}.Debug|Any CPU.Build.0 = Debug|Any CPU
		{F1147B6F-4D66-4B9F-8474-23D3A2DA386E}.Release|Any CPU.ActiveCfg = Release|Any CPU
		{F1147B6F-4D66-4B9F-8474-23D3A2DA386E}.Release|Any CPU.Build.0 = Release|Any CPU
		{BC50C523-76E3-474F-BCAF-DF974D609260}.Debug|Any CPU.ActiveCfg = Debug|Any CPU
		{BC50C523-76E3-474F-BCAF-DF974D609260}.Debug|Any CPU.Build.0 = Debug|Any CPU
		{BC50C523-76E3-474F-BCAF-DF974D609260}.Release|Any CPU.ActiveCfg = Release|Any CPU
		{BC50C523-76E3-474F-BCAF-DF974D609260}.Release|Any CPU.Build.0 = Release|Any CPU
		{F0CC4DEA-5D8C-4F81-AA12-EFE0CD7670C3}.Debug|Any CPU.ActiveCfg = Debug|Any CPU
		{F0CC4DEA-5D8C-4F81-AA12-EFE0CD7670C3}.Debug|Any CPU.Build.0 = Debug|Any CPU
		{F0CC4DEA-5D8C-4F81-AA12-EFE0CD7670C3}.Release|Any CPU.ActiveCfg = Release|Any CPU
		{F0CC4DEA-5D8C-4F81-AA12-EFE0CD7670C3}.Release|Any CPU.Build.0 = Release|Any CPU
		{9E9D3BA7-A6C9-4CBC-B184-610BE48D9F1C}.Debug|Any CPU.ActiveCfg = Debug|Any CPU
		{9E9D3BA7-A6C9-4CBC-B184-610BE48D9F1C}.Debug|Any CPU.Build.0 = Debug|Any CPU
		{9E9D3BA7-A6C9-4CBC-B184-610BE48D9F1C}.Release|Any CPU.ActiveCfg = Release|Any CPU
		{9E9D3BA7-A6C9-4CBC-B184-610BE48D9F1C}.Release|Any CPU.Build.0 = Release|Any CPU
		{90314B53-EBAB-47CF-958A-CDF2A8069102}.Debug|Any CPU.ActiveCfg = Debug|Any CPU
		{90314B53-EBAB-47CF-958A-CDF2A8069102}.Debug|Any CPU.Build.0 = Debug|Any CPU
		{90314B53-EBAB-47CF-958A-CDF2A8069102}.Release|Any CPU.ActiveCfg = Release|Any CPU
		{90314B53-EBAB-47CF-958A-CDF2A8069102}.Release|Any CPU.Build.0 = Release|Any CPU
		{C8C265C7-120B-4130-A893-E31626126413}.Debug|Any CPU.ActiveCfg = Debug|Any CPU
		{C8C265C7-120B-4130-A893-E31626126413}.Debug|Any CPU.Build.0 = Debug|Any CPU
		{C8C265C7-120B-4130-A893-E31626126413}.Release|Any CPU.ActiveCfg = Release|Any CPU
		{C8C265C7-120B-4130-A893-E31626126413}.Release|Any CPU.Build.0 = Release|Any CPU
		{AED54520-55AB-483E-AC16-1CBD187B0C2D}.Debug|Any CPU.ActiveCfg = Debug|Any CPU
		{AED54520-55AB-483E-AC16-1CBD187B0C2D}.Debug|Any CPU.Build.0 = Debug|Any CPU
		{AED54520-55AB-483E-AC16-1CBD187B0C2D}.Release|Any CPU.ActiveCfg = Release|Any CPU
		{AED54520-55AB-483E-AC16-1CBD187B0C2D}.Release|Any CPU.Build.0 = Release|Any CPU
		{986FDF1B-B3AB-4133-9808-0AA7EA221D1F}.Debug|Any CPU.ActiveCfg = Debug|Any CPU
		{986FDF1B-B3AB-4133-9808-0AA7EA221D1F}.Debug|Any CPU.Build.0 = Debug|Any CPU
		{986FDF1B-B3AB-4133-9808-0AA7EA221D1F}.Release|Any CPU.ActiveCfg = Release|Any CPU
		{986FDF1B-B3AB-4133-9808-0AA7EA221D1F}.Release|Any CPU.Build.0 = Release|Any CPU
		{102202B1-C8CA-4946-B467-FCF6332A1CF0}.Debug|Any CPU.ActiveCfg = Debug|Any CPU
		{102202B1-C8CA-4946-B467-FCF6332A1CF0}.Debug|Any CPU.Build.0 = Debug|Any CPU
		{102202B1-C8CA-4946-B467-FCF6332A1CF0}.Release|Any CPU.ActiveCfg = Release|Any CPU
		{102202B1-C8CA-4946-B467-FCF6332A1CF0}.Release|Any CPU.Build.0 = Release|Any CPU
		{6D5D9076-0649-4C87-840F-312A9B4C10FD}.Debug|Any CPU.ActiveCfg = Debug|Any CPU
		{6D5D9076-0649-4C87-840F-312A9B4C10FD}.Debug|Any CPU.Build.0 = Debug|Any CPU
		{6D5D9076-0649-4C87-840F-312A9B4C10FD}.Release|Any CPU.ActiveCfg = Release|Any CPU
		{6D5D9076-0649-4C87-840F-312A9B4C10FD}.Release|Any CPU.Build.0 = Release|Any CPU
		{13DB41F5-BE89-4CA9-8925-9CA5C0DF0631}.Debug|Any CPU.ActiveCfg = Debug|Any CPU
		{13DB41F5-BE89-4CA9-8925-9CA5C0DF0631}.Debug|Any CPU.Build.0 = Debug|Any CPU
		{13DB41F5-BE89-4CA9-8925-9CA5C0DF0631}.Release|Any CPU.ActiveCfg = Release|Any CPU
		{13DB41F5-BE89-4CA9-8925-9CA5C0DF0631}.Release|Any CPU.Build.0 = Release|Any CPU
		{D850516A-BA48-44C3-A61F-6412B2CBF9B4}.Debug|Any CPU.ActiveCfg = Debug|Any CPU
		{D850516A-BA48-44C3-A61F-6412B2CBF9B4}.Debug|Any CPU.Build.0 = Debug|Any CPU
		{D850516A-BA48-44C3-A61F-6412B2CBF9B4}.Release|Any CPU.ActiveCfg = Release|Any CPU
		{D850516A-BA48-44C3-A61F-6412B2CBF9B4}.Release|Any CPU.Build.0 = Release|Any CPU
		{74990146-9A96-4482-A817-9A50E581B5CC}.Debug|Any CPU.ActiveCfg = Debug|Any CPU
		{74990146-9A96-4482-A817-9A50E581B5CC}.Debug|Any CPU.Build.0 = Debug|Any CPU
		{74990146-9A96-4482-A817-9A50E581B5CC}.Release|Any CPU.ActiveCfg = Release|Any CPU
		{74990146-9A96-4482-A817-9A50E581B5CC}.Release|Any CPU.Build.0 = Release|Any CPU
		{89912C70-6C1C-4103-A2E0-4CA2DE027A74}.Debug|Any CPU.ActiveCfg = Debug|Any CPU
		{89912C70-6C1C-4103-A2E0-4CA2DE027A74}.Debug|Any CPU.Build.0 = Debug|Any CPU
		{89912C70-6C1C-4103-A2E0-4CA2DE027A74}.Release|Any CPU.ActiveCfg = Release|Any CPU
		{89912C70-6C1C-4103-A2E0-4CA2DE027A74}.Release|Any CPU.Build.0 = Release|Any CPU
		{701FA800-DE71-4D55-B57E-1A0E0C351371}.Debug|Any CPU.ActiveCfg = Debug|Any CPU
		{701FA800-DE71-4D55-B57E-1A0E0C351371}.Debug|Any CPU.Build.0 = Debug|Any CPU
		{701FA800-DE71-4D55-B57E-1A0E0C351371}.Release|Any CPU.ActiveCfg = Release|Any CPU
		{701FA800-DE71-4D55-B57E-1A0E0C351371}.Release|Any CPU.Build.0 = Release|Any CPU
		{59D82A48-D81A-402B-AA0B-B48B83397955}.Debug|Any CPU.ActiveCfg = Debug|Any CPU
		{59D82A48-D81A-402B-AA0B-B48B83397955}.Debug|Any CPU.Build.0 = Debug|Any CPU
		{59D82A48-D81A-402B-AA0B-B48B83397955}.Release|Any CPU.ActiveCfg = Release|Any CPU
		{59D82A48-D81A-402B-AA0B-B48B83397955}.Release|Any CPU.Build.0 = Release|Any CPU
		{7CD102CE-F2E0-44FE-B029-A67691A39807}.Debug|Any CPU.ActiveCfg = Debug|Any CPU
		{7CD102CE-F2E0-44FE-B029-A67691A39807}.Debug|Any CPU.Build.0 = Debug|Any CPU
		{7CD102CE-F2E0-44FE-B029-A67691A39807}.Release|Any CPU.ActiveCfg = Release|Any CPU
		{7CD102CE-F2E0-44FE-B029-A67691A39807}.Release|Any CPU.Build.0 = Release|Any CPU
		{CBF3F205-D99F-4AD8-BE3A-AEF5D1BF5938}.Debug|Any CPU.ActiveCfg = Debug|Any CPU
		{CBF3F205-D99F-4AD8-BE3A-AEF5D1BF5938}.Debug|Any CPU.Build.0 = Debug|Any CPU
		{CBF3F205-D99F-4AD8-BE3A-AEF5D1BF5938}.Release|Any CPU.ActiveCfg = Release|Any CPU
		{CBF3F205-D99F-4AD8-BE3A-AEF5D1BF5938}.Release|Any CPU.Build.0 = Release|Any CPU
		{08AC0C22-E853-496C-9A27-3035FCB37BA5}.Debug|Any CPU.ActiveCfg = Debug|Any CPU
		{08AC0C22-E853-496C-9A27-3035FCB37BA5}.Debug|Any CPU.Build.0 = Debug|Any CPU
		{08AC0C22-E853-496C-9A27-3035FCB37BA5}.Release|Any CPU.ActiveCfg = Release|Any CPU
		{08AC0C22-E853-496C-9A27-3035FCB37BA5}.Release|Any CPU.Build.0 = Release|Any CPU
		{F8C59550-0473-4704-94F8-F68ED1E70DF5}.Debug|Any CPU.ActiveCfg = Debug|Any CPU
		{F8C59550-0473-4704-94F8-F68ED1E70DF5}.Debug|Any CPU.Build.0 = Debug|Any CPU
		{F8C59550-0473-4704-94F8-F68ED1E70DF5}.Release|Any CPU.ActiveCfg = Release|Any CPU
		{F8C59550-0473-4704-94F8-F68ED1E70DF5}.Release|Any CPU.Build.0 = Release|Any CPU
		{135B6836-F6DF-45D6-835C-36EBCB5ED228}.Debug|Any CPU.ActiveCfg = Debug|Any CPU
		{135B6836-F6DF-45D6-835C-36EBCB5ED228}.Debug|Any CPU.Build.0 = Debug|Any CPU
		{135B6836-F6DF-45D6-835C-36EBCB5ED228}.Release|Any CPU.ActiveCfg = Release|Any CPU
		{135B6836-F6DF-45D6-835C-36EBCB5ED228}.Release|Any CPU.Build.0 = Release|Any CPU
		{5F65ADD2-3614-4F74-8E92-AF4EEE290079}.Debug|Any CPU.ActiveCfg = Debug|Any CPU
		{5F65ADD2-3614-4F74-8E92-AF4EEE290079}.Debug|Any CPU.Build.0 = Debug|Any CPU
		{5F65ADD2-3614-4F74-8E92-AF4EEE290079}.Release|Any CPU.ActiveCfg = Release|Any CPU
		{5F65ADD2-3614-4F74-8E92-AF4EEE290079}.Release|Any CPU.Build.0 = Release|Any CPU
		{8811BC19-201C-4487-A264-C6704D245010}.Debug|Any CPU.ActiveCfg = Debug|Any CPU
		{8811BC19-201C-4487-A264-C6704D245010}.Debug|Any CPU.Build.0 = Debug|Any CPU
		{8811BC19-201C-4487-A264-C6704D245010}.Release|Any CPU.ActiveCfg = Release|Any CPU
		{8811BC19-201C-4487-A264-C6704D245010}.Release|Any CPU.Build.0 = Release|Any CPU
		{49E063F9-B6FE-474E-B920-BB135A83B437}.Debug|Any CPU.ActiveCfg = Debug|Any CPU
		{49E063F9-B6FE-474E-B920-BB135A83B437}.Debug|Any CPU.Build.0 = Debug|Any CPU
		{49E063F9-B6FE-474E-B920-BB135A83B437}.Release|Any CPU.ActiveCfg = Release|Any CPU
		{49E063F9-B6FE-474E-B920-BB135A83B437}.Release|Any CPU.Build.0 = Release|Any CPU
		{775E39B3-FFCA-4345-BE9F-1C3CAC100D63}.Debug|Any CPU.ActiveCfg = Debug|Any CPU
		{775E39B3-FFCA-4345-BE9F-1C3CAC100D63}.Debug|Any CPU.Build.0 = Debug|Any CPU
		{775E39B3-FFCA-4345-BE9F-1C3CAC100D63}.Release|Any CPU.ActiveCfg = Release|Any CPU
		{775E39B3-FFCA-4345-BE9F-1C3CAC100D63}.Release|Any CPU.Build.0 = Release|Any CPU
		{E327BA49-49BC-4D2D-82A6-839FD049123A}.Debug|Any CPU.ActiveCfg = Debug|Any CPU
		{E327BA49-49BC-4D2D-82A6-839FD049123A}.Debug|Any CPU.Build.0 = Debug|Any CPU
		{E327BA49-49BC-4D2D-82A6-839FD049123A}.Release|Any CPU.ActiveCfg = Release|Any CPU
		{E327BA49-49BC-4D2D-82A6-839FD049123A}.Release|Any CPU.Build.0 = Release|Any CPU
		{8163C714-1F29-44F9-8F46-4237BDA11FB3}.Debug|Any CPU.ActiveCfg = Debug|Any CPU
		{8163C714-1F29-44F9-8F46-4237BDA11FB3}.Debug|Any CPU.Build.0 = Debug|Any CPU
		{8163C714-1F29-44F9-8F46-4237BDA11FB3}.Release|Any CPU.ActiveCfg = Release|Any CPU
		{8163C714-1F29-44F9-8F46-4237BDA11FB3}.Release|Any CPU.Build.0 = Release|Any CPU
	EndGlobalSection
	GlobalSection(SolutionProperties) = preSolution
		HideSolutionNode = FALSE
	EndGlobalSection
	GlobalSection(NestedProjects) = preSolution
		{BC50C523-76E3-474F-BCAF-DF974D609260} = {BC650EFC-7A8A-4FD8-A3C1-864405F0C24C}
		{F0CC4DEA-5D8C-4F81-AA12-EFE0CD7670C3} = {BC650EFC-7A8A-4FD8-A3C1-864405F0C24C}
		{9E9D3BA7-A6C9-4CBC-B184-610BE48D9F1C} = {17822AED-18E3-4EA7-9BA2-E1FB6606DEC9}
		{90314B53-EBAB-47CF-958A-CDF2A8069102} = {17822AED-18E3-4EA7-9BA2-E1FB6606DEC9}
		{C8C265C7-120B-4130-A893-E31626126413} = {17822AED-18E3-4EA7-9BA2-E1FB6606DEC9}
		{AED54520-55AB-483E-AC16-1CBD187B0C2D} = {17822AED-18E3-4EA7-9BA2-E1FB6606DEC9}
		{986FDF1B-B3AB-4133-9808-0AA7EA221D1F} = {17822AED-18E3-4EA7-9BA2-E1FB6606DEC9}
		{102202B1-C8CA-4946-B467-FCF6332A1CF0} = {17822AED-18E3-4EA7-9BA2-E1FB6606DEC9}
		{6D5D9076-0649-4C87-840F-312A9B4C10FD} = {BC650EFC-7A8A-4FD8-A3C1-864405F0C24C}
		{13DB41F5-BE89-4CA9-8925-9CA5C0DF0631} = {84A5475C-3800-4407-8F22-B8724CBCAE50}
		{D850516A-BA48-44C3-A61F-6412B2CBF9B4} = {58803B46-62A3-427B-8668-26AE87CF0A0E}
		{74990146-9A96-4482-A817-9A50E581B5CC} = {58803B46-62A3-427B-8668-26AE87CF0A0E}
		{89912C70-6C1C-4103-A2E0-4CA2DE027A74} = {58803B46-62A3-427B-8668-26AE87CF0A0E}
		{701FA800-DE71-4D55-B57E-1A0E0C351371} = {9102F379-7464-4572-9A51-F360A3EB08DC}
		{59D82A48-D81A-402B-AA0B-B48B83397955} = {9102F379-7464-4572-9A51-F360A3EB08DC}
		{7CD102CE-F2E0-44FE-B029-A67691A39807} = {9102F379-7464-4572-9A51-F360A3EB08DC}
		{CBF3F205-D99F-4AD8-BE3A-AEF5D1BF5938} = {9102F379-7464-4572-9A51-F360A3EB08DC}
		{08AC0C22-E853-496C-9A27-3035FCB37BA5} = {A3F23400-CFE1-4815-AB4A-CCF390140C65}
		{F8C59550-0473-4704-94F8-F68ED1E70DF5} = {A3F23400-CFE1-4815-AB4A-CCF390140C65}
		{135B6836-F6DF-45D6-835C-36EBCB5ED228} = {98AF6992-43B8-40A3-98BE-8CEEDEA8C8F4}
		{5F65ADD2-3614-4F74-8E92-AF4EEE290079} = {98AF6992-43B8-40A3-98BE-8CEEDEA8C8F4}
		{8811BC19-201C-4487-A264-C6704D245010} = {FC2ACDB0-4CC7-4FE7-B003-9428E6E4B684}
		{49E063F9-B6FE-474E-B920-BB135A83B437} = {FC2ACDB0-4CC7-4FE7-B003-9428E6E4B684}
		{775E39B3-FFCA-4345-BE9F-1C3CAC100D63} = {FC2ACDB0-4CC7-4FE7-B003-9428E6E4B684}
		{8163C714-1F29-44F9-8F46-4237BDA11FB3} = {17822AED-18E3-4EA7-9BA2-E1FB6606DEC9}
	EndGlobalSection
EndGlobal
